
Microsoft Visual Studio Solution File, Format Version 12.00
# Visual Studio 2012
Project("{FAE04EC0-301F-11D3-BF4B-00C04F79EFBC}") = "Bridge.Translator", "Core\Translator\Bridge.Translator.csproj", "{44124331-C60A-4071-B387-4B8E71324B10}"
	ProjectSection(ProjectDependencies) = postProject
		{DE78B8B7-C0F5-415B-A70B-02194433F450} = {DE78B8B7-C0F5-415B-A70B-02194433F450}
	EndProjectSection
EndProject
Project("{FAE04EC0-301F-11D3-BF4B-00C04F79EFBC}") = "Bridge.CLR", "Core\CLR\Bridge.CLR.csproj", "{DE78B8B7-C0F5-415B-A70B-02194433F450}"
EndProject
Project("{FAE04EC0-301F-11D3-BF4B-00C04F79EFBC}") = "Bridge.Build", "Builder\Build\Bridge.Build.csproj", "{28703D12-116A-4968-BD85-F26D7F7E7DA4}"
EndProject
Project("{FAE04EC0-301F-11D3-BF4B-00C04F79EFBC}") = "Bridge.Builder", "Builder\Builder\Bridge.Builder.csproj", "{243BB709-3912-4C65-82D4-787A5E2201D7}"
EndProject
Project("{FAE04EC0-301F-11D3-BF4B-00C04F79EFBC}") = "Bridge.DateTime", "Frameworks\DateTime\Bridge.DateTime.csproj", "{4107017F-22D4-4572-A19A-C530AA4F9294}"
	ProjectSection(ProjectDependencies) = postProject
		{243BB709-3912-4C65-82D4-787A5E2201D7} = {243BB709-3912-4C65-82D4-787A5E2201D7}
		{28703D12-116A-4968-BD85-F26D7F7E7DA4} = {28703D12-116A-4968-BD85-F26D7F7E7DA4}
		{44124331-C60A-4071-B387-4B8E71324B10} = {44124331-C60A-4071-B387-4B8E71324B10}
		{DE78B8B7-C0F5-415B-A70B-02194433F450} = {DE78B8B7-C0F5-415B-A70B-02194433F450}
	EndProjectSection
EndProject
Project("{FAE04EC0-301F-11D3-BF4B-00C04F79EFBC}") = "Bridge.Html5", "Core\Html5\Bridge.Html5.csproj", "{99DECD28-D3E3-4EA7-ACAE-AB5DFC9913BD}"
	ProjectSection(ProjectDependencies) = postProject
		{243BB709-3912-4C65-82D4-787A5E2201D7} = {243BB709-3912-4C65-82D4-787A5E2201D7}
		{28703D12-116A-4968-BD85-F26D7F7E7DA4} = {28703D12-116A-4968-BD85-F26D7F7E7DA4}
		{44124331-C60A-4071-B387-4B8E71324B10} = {44124331-C60A-4071-B387-4B8E71324B10}
		{DE78B8B7-C0F5-415B-A70B-02194433F450} = {DE78B8B7-C0F5-415B-A70B-02194433F450}
	EndProjectSection
EndProject
Project("{2150E333-8FDC-42A3-9474-1A3956D46DE8}") = "Core", "Core", "{32B4E540-81E6-4E3F-8383-5813786DC899}"
EndProject
Project("{2150E333-8FDC-42A3-9474-1A3956D46DE8}") = "Builder", "Builder", "{1737EDA1-DA79-4B4A-A1C0-259D1F39B538}"
EndProject
Project("{2150E333-8FDC-42A3-9474-1A3956D46DE8}") = "Frameworks", "Frameworks", "{246696B4-0384-4CE0-87CD-CFC6CC5CA565}"
EndProject
Project("{FAE04EC0-301F-11D3-BF4B-00C04F79EFBC}") = "Bridge.jQuery2", "Frameworks\jQuery2\Bridge.jQuery2.csproj", "{BCCFB816-2F7F-4693-A16B-2BC0A7B39085}"
EndProject
Project("{2150E333-8FDC-42A3-9474-1A3956D46DE8}") = "Sandbox", "Sandbox", "{ECC8AF0C-E84F-4C64-A874-B6F90E5DBF50}"
EndProject
Project("{FAE04EC0-301F-11D3-BF4B-00C04F79EFBC}") = "CompanyX", "..\Sandbox\CompanyX\CompanyX.csproj", "{48F4269A-C055-42CF-8C84-ED1ACF7A5AE9}"
EndProject
Global
	GlobalSection(SolutionConfigurationPlatforms) = preSolution
		Debug|Any CPU = Debug|Any CPU
		Release|Any CPU = Release|Any CPU
	EndGlobalSection
	GlobalSection(ProjectConfigurationPlatforms) = postSolution
		{44124331-C60A-4071-B387-4B8E71324B10}.Debug|Any CPU.ActiveCfg = Debug|Any CPU
		{44124331-C60A-4071-B387-4B8E71324B10}.Debug|Any CPU.Build.0 = Debug|Any CPU
		{44124331-C60A-4071-B387-4B8E71324B10}.Release|Any CPU.ActiveCfg = Release|Any CPU
		{44124331-C60A-4071-B387-4B8E71324B10}.Release|Any CPU.Build.0 = Release|Any CPU
		{DE78B8B7-C0F5-415B-A70B-02194433F450}.Debug|Any CPU.ActiveCfg = Debug|Any CPU
		{DE78B8B7-C0F5-415B-A70B-02194433F450}.Debug|Any CPU.Build.0 = Debug|Any CPU
		{DE78B8B7-C0F5-415B-A70B-02194433F450}.Release|Any CPU.ActiveCfg = Release|Any CPU
		{DE78B8B7-C0F5-415B-A70B-02194433F450}.Release|Any CPU.Build.0 = Release|Any CPU
		{28703D12-116A-4968-BD85-F26D7F7E7DA4}.Debug|Any CPU.ActiveCfg = Debug|Any CPU
		{28703D12-116A-4968-BD85-F26D7F7E7DA4}.Debug|Any CPU.Build.0 = Debug|Any CPU
		{28703D12-116A-4968-BD85-F26D7F7E7DA4}.Release|Any CPU.ActiveCfg = Release|Any CPU
		{28703D12-116A-4968-BD85-F26D7F7E7DA4}.Release|Any CPU.Build.0 = Release|Any CPU
		{243BB709-3912-4C65-82D4-787A5E2201D7}.Debug|Any CPU.ActiveCfg = Debug|Any CPU
		{243BB709-3912-4C65-82D4-787A5E2201D7}.Debug|Any CPU.Build.0 = Debug|Any CPU
		{243BB709-3912-4C65-82D4-787A5E2201D7}.Release|Any CPU.ActiveCfg = Release|Any CPU
		{243BB709-3912-4C65-82D4-787A5E2201D7}.Release|Any CPU.Build.0 = Release|Any CPU
		{4107017F-22D4-4572-A19A-C530AA4F9294}.Debug|Any CPU.ActiveCfg = Debug|Any CPU
		{4107017F-22D4-4572-A19A-C530AA4F9294}.Debug|Any CPU.Build.0 = Debug|Any CPU
		{4107017F-22D4-4572-A19A-C530AA4F9294}.Release|Any CPU.ActiveCfg = Release|Any CPU
		{4107017F-22D4-4572-A19A-C530AA4F9294}.Release|Any CPU.Build.0 = Release|Any CPU
		{99DECD28-D3E3-4EA7-ACAE-AB5DFC9913BD}.Debug|Any CPU.ActiveCfg = Debug|Any CPU
		{99DECD28-D3E3-4EA7-ACAE-AB5DFC9913BD}.Debug|Any CPU.Build.0 = Debug|Any CPU
		{99DECD28-D3E3-4EA7-ACAE-AB5DFC9913BD}.Release|Any CPU.ActiveCfg = Release|Any CPU
		{99DECD28-D3E3-4EA7-ACAE-AB5DFC9913BD}.Release|Any CPU.Build.0 = Release|Any CPU
		{BCCFB816-2F7F-4693-A16B-2BC0A7B39085}.Debug|Any CPU.ActiveCfg = Debug|Any CPU
		{BCCFB816-2F7F-4693-A16B-2BC0A7B39085}.Debug|Any CPU.Build.0 = Debug|Any CPU
		{BCCFB816-2F7F-4693-A16B-2BC0A7B39085}.Release|Any CPU.ActiveCfg = Release|Any CPU
		{BCCFB816-2F7F-4693-A16B-2BC0A7B39085}.Release|Any CPU.Build.0 = Release|Any CPU
		{48F4269A-C055-42CF-8C84-ED1ACF7A5AE9}.Debug|Any CPU.ActiveCfg = Debug|Any CPU
		{48F4269A-C055-42CF-8C84-ED1ACF7A5AE9}.Debug|Any CPU.Build.0 = Debug|Any CPU
		{48F4269A-C055-42CF-8C84-ED1ACF7A5AE9}.Release|Any CPU.ActiveCfg = Release|Any CPU
		{48F4269A-C055-42CF-8C84-ED1ACF7A5AE9}.Release|Any CPU.Build.0 = Release|Any CPU
	EndGlobalSection
	GlobalSection(SolutionProperties) = preSolution
		HideSolutionNode = FALSE
	EndGlobalSection
	GlobalSection(NestedProjects) = preSolution
		{DE78B8B7-C0F5-415B-A70B-02194433F450} = {32B4E540-81E6-4E3F-8383-5813786DC899}
		{99DECD28-D3E3-4EA7-ACAE-AB5DFC9913BD} = {32B4E540-81E6-4E3F-8383-5813786DC899}
		{44124331-C60A-4071-B387-4B8E71324B10} = {32B4E540-81E6-4E3F-8383-5813786DC899}
		{243BB709-3912-4C65-82D4-787A5E2201D7} = {1737EDA1-DA79-4B4A-A1C0-259D1F39B538}
		{28703D12-116A-4968-BD85-F26D7F7E7DA4} = {1737EDA1-DA79-4B4A-A1C0-259D1F39B538}
		{4107017F-22D4-4572-A19A-C530AA4F9294} = {246696B4-0384-4CE0-87CD-CFC6CC5CA565}
		{BCCFB816-2F7F-4693-A16B-2BC0A7B39085} = {246696B4-0384-4CE0-87CD-CFC6CC5CA565}
		{48F4269A-C055-42CF-8C84-ED1ACF7A5AE9} = {ECC8AF0C-E84F-4C64-A874-B6F90E5DBF50}
	EndGlobalSection
EndGlobal
