
Microsoft Visual Studio Solution File, Format Version 12.00
# Visual Studio 2013
VisualStudioVersion = 12.0.31101.0
MinimumVisualStudioVersion = 10.0.40219.1
Project("{2150E333-8FDC-42A3-9474-1A3956D46DE8}") = "Bridge", "Bridge", "{32B4E540-81E6-4E3F-8383-5813786DC899}"
EndProject
Project("{2150E333-8FDC-42A3-9474-1A3956D46DE8}") = "Frameworks", "Frameworks", "{7C762820-1165-4EB4-B7A3-3BB45DF33CE7}"
EndProject
Project("{2150E333-8FDC-42A3-9474-1A3956D46DE8}") = "Builder", "Builder", "{47D6D365-36CE-43C2-91D0-5A071928C62A}"
EndProject
Project("{FAE04EC0-301F-11D3-BF4B-00C04F79EFBC}") = "Bridge.jQuery2", "..\Frameworks\jQuery2\Bridge.jQuery2.csproj", "{BCCFB816-2F7F-4693-A16B-2BC0A7B39085}"
EndProject
Project("{FAE04EC0-301F-11D3-BF4B-00C04F79EFBC}") = "Bridge.Build", "..\Builder\Build\Bridge.Build.csproj", "{28703D12-116A-4968-BD85-F26D7F7E7DA4}"
EndProject
Project("{FAE04EC0-301F-11D3-BF4B-00C04F79EFBC}") = "Bridge.Builder", "..\Builder\Builder\Bridge.Builder.csproj", "{243BB709-3912-4C65-82D4-787A5E2201D7}"
EndProject
Project("{FAE04EC0-301F-11D3-BF4B-00C04F79EFBC}") = "Bridge.Bootstrap3", "..\Frameworks\Bootstrap3\Bridge.Bootstrap3.csproj", "{E2C8A4F9-8525-40E6-A076-38F91F602975}"
EndProject
Project("{2150E333-8FDC-42A3-9474-1A3956D46DE8}") = "Solution Items", "Solution Items", "{179F9E02-670B-41FB-BFF6-F24F822812F7}"
	ProjectSection(SolutionItems) = preProject
		Build\assemblies\Bridge.targets = Build\assemblies\Bridge.targets
		Build\assemblies\BridgeNoTask.targets = Build\assemblies\BridgeNoTask.targets
		Build\assemblies\BridgeProjectRefs.targets = Build\assemblies\BridgeProjectRefs.targets
		Build\assemblies\clean.bat = Build\assemblies\clean.bat
		Build\assemblies\deploy.bat = Build\assemblies\deploy.bat
	EndProjectSection
EndProject
Project("{FAE04EC0-301F-11D3-BF4B-00C04F79EFBC}") = "Bridge", "Bridge\Bridge.csproj", "{DE78B8B7-C0F5-415B-A70B-02194433F450}"
EndProject
Project("{FAE04EC0-301F-11D3-BF4B-00C04F79EFBC}") = "Bridge.Html5", "Html5\Bridge.Html5.csproj", "{99DECD28-D3E3-4EA7-ACAE-AB5DFC9913BD}"
EndProject
Project("{FAE04EC0-301F-11D3-BF4B-00C04F79EFBC}") = "Bridge.Contract", "..\Builder\Contract\Bridge.Contract.csproj", "{52AE9E3E-6929-4720-AB7A-F9F22B9A8972}"
EndProject
Project("{FAE04EC0-301F-11D3-BF4B-00C04F79EFBC}") = "Bridge.Translator", "..\Builder\Translator\Bridge.Translator.csproj", "{44124331-C60A-4071-B387-4B8E71324B10}"
EndProject
Global
	GlobalSection(SolutionConfigurationPlatforms) = preSolution
		Debug|Any CPU = Debug|Any CPU
		Release|Any CPU = Release|Any CPU
	EndGlobalSection
	GlobalSection(ProjectConfigurationPlatforms) = postSolution
		{BCCFB816-2F7F-4693-A16B-2BC0A7B39085}.Debug|Any CPU.ActiveCfg = Debug|Any CPU
		{BCCFB816-2F7F-4693-A16B-2BC0A7B39085}.Debug|Any CPU.Build.0 = Debug|Any CPU
		{BCCFB816-2F7F-4693-A16B-2BC0A7B39085}.Release|Any CPU.ActiveCfg = Release|Any CPU
		{BCCFB816-2F7F-4693-A16B-2BC0A7B39085}.Release|Any CPU.Build.0 = Release|Any CPU
		{28703D12-116A-4968-BD85-F26D7F7E7DA4}.Debug|Any CPU.ActiveCfg = Debug|Any CPU
		{28703D12-116A-4968-BD85-F26D7F7E7DA4}.Debug|Any CPU.Build.0 = Debug|Any CPU
		{28703D12-116A-4968-BD85-F26D7F7E7DA4}.Release|Any CPU.ActiveCfg = Release|Any CPU
		{28703D12-116A-4968-BD85-F26D7F7E7DA4}.Release|Any CPU.Build.0 = Release|Any CPU
		{243BB709-3912-4C65-82D4-787A5E2201D7}.Debug|Any CPU.ActiveCfg = Debug|Any CPU
		{243BB709-3912-4C65-82D4-787A5E2201D7}.Debug|Any CPU.Build.0 = Debug|Any CPU
		{243BB709-3912-4C65-82D4-787A5E2201D7}.Release|Any CPU.ActiveCfg = Release|Any CPU
		{243BB709-3912-4C65-82D4-787A5E2201D7}.Release|Any CPU.Build.0 = Release|Any CPU
		{E2C8A4F9-8525-40E6-A076-38F91F602975}.Debug|Any CPU.ActiveCfg = Debug|Any CPU
		{E2C8A4F9-8525-40E6-A076-38F91F602975}.Debug|Any CPU.Build.0 = Debug|Any CPU
		{E2C8A4F9-8525-40E6-A076-38F91F602975}.Release|Any CPU.ActiveCfg = Release|Any CPU
		{E2C8A4F9-8525-40E6-A076-38F91F602975}.Release|Any CPU.Build.0 = Release|Any CPU
		{DE78B8B7-C0F5-415B-A70B-02194433F450}.Debug|Any CPU.ActiveCfg = Debug|Any CPU
		{DE78B8B7-C0F5-415B-A70B-02194433F450}.Debug|Any CPU.Build.0 = Debug|Any CPU
		{DE78B8B7-C0F5-415B-A70B-02194433F450}.Release|Any CPU.ActiveCfg = Release|Any CPU
		{DE78B8B7-C0F5-415B-A70B-02194433F450}.Release|Any CPU.Build.0 = Release|Any CPU
		{99DECD28-D3E3-4EA7-ACAE-AB5DFC9913BD}.Debug|Any CPU.ActiveCfg = Debug|Any CPU
		{99DECD28-D3E3-4EA7-ACAE-AB5DFC9913BD}.Debug|Any CPU.Build.0 = Debug|Any CPU
		{99DECD28-D3E3-4EA7-ACAE-AB5DFC9913BD}.Release|Any CPU.ActiveCfg = Release|Any CPU
		{99DECD28-D3E3-4EA7-ACAE-AB5DFC9913BD}.Release|Any CPU.Build.0 = Release|Any CPU
		{52AE9E3E-6929-4720-AB7A-F9F22B9A8972}.Debug|Any CPU.ActiveCfg = Debug|Any CPU
		{52AE9E3E-6929-4720-AB7A-F9F22B9A8972}.Debug|Any CPU.Build.0 = Debug|Any CPU
		{52AE9E3E-6929-4720-AB7A-F9F22B9A8972}.Release|Any CPU.ActiveCfg = Release|Any CPU
		{52AE9E3E-6929-4720-AB7A-F9F22B9A8972}.Release|Any CPU.Build.0 = Release|Any CPU
		{44124331-C60A-4071-B387-4B8E71324B10}.Debug|Any CPU.ActiveCfg = Debug|Any CPU
		{44124331-C60A-4071-B387-4B8E71324B10}.Debug|Any CPU.Build.0 = Debug|Any CPU
		{44124331-C60A-4071-B387-4B8E71324B10}.Release|Any CPU.ActiveCfg = Release|Any CPU
		{44124331-C60A-4071-B387-4B8E71324B10}.Release|Any CPU.Build.0 = Release|Any CPU
	EndGlobalSection
	GlobalSection(SolutionProperties) = preSolution
		HideSolutionNode = FALSE
	EndGlobalSection
	GlobalSection(NestedProjects) = preSolution
		{BCCFB816-2F7F-4693-A16B-2BC0A7B39085} = {7C762820-1165-4EB4-B7A3-3BB45DF33CE7}
		{28703D12-116A-4968-BD85-F26D7F7E7DA4} = {47D6D365-36CE-43C2-91D0-5A071928C62A}
		{243BB709-3912-4C65-82D4-787A5E2201D7} = {47D6D365-36CE-43C2-91D0-5A071928C62A}
		{E2C8A4F9-8525-40E6-A076-38F91F602975} = {7C762820-1165-4EB4-B7A3-3BB45DF33CE7}
		{DE78B8B7-C0F5-415B-A70B-02194433F450} = {32B4E540-81E6-4E3F-8383-5813786DC899}
		{99DECD28-D3E3-4EA7-ACAE-AB5DFC9913BD} = {32B4E540-81E6-4E3F-8383-5813786DC899}
		{52AE9E3E-6929-4720-AB7A-F9F22B9A8972} = {47D6D365-36CE-43C2-91D0-5A071928C62A}
		{44124331-C60A-4071-B387-4B8E71324B10} = {47D6D365-36CE-43C2-91D0-5A071928C62A}
	EndGlobalSection
EndGlobal
